
Microsoft Visual Studio Solution File, Format Version 12.00
# Visual Studio Version 17
VisualStudioVersion = 17.4.33103.184
MinimumVisualStudioVersion = 10.0.40219.1
Project("{9A19103F-16F7-4668-BE54-9A1E7A4F7556}") = "Project01.Services.Api", "Project01.Services.Api\Project01.Services.Api.csproj", "{F4A9731F-50D0-49DF-B5B7-F539872C5D9F}"
EndProject
Project("{2150E333-8FDC-42A3-9474-1A3956D46DE8}") = "Services", "Services", "{57E55BF6-6013-4C94-8883-734920008D41}"
EndProject
Project("{2150E333-8FDC-42A3-9474-1A3956D46DE8}") = "Application", "Application", "{A2175672-2266-4FF6-AE78-33F3B4D663BA}"
EndProject
Project("{2150E333-8FDC-42A3-9474-1A3956D46DE8}") = "Domain", "Domain", "{B805E620-F124-4344-8343-D76278BE4AAE}"
EndProject
Project("{2150E333-8FDC-42A3-9474-1A3956D46DE8}") = "Core", "Core", "{7DD7D1E2-7EC0-403A-AE15-50767E77DE9F}"
EndProject
Project("{2150E333-8FDC-42A3-9474-1A3956D46DE8}") = "Impl", "Impl", "{8E9261A3-20B5-4D6E-96FF-954D415C7932}"
EndProject
Project("{2150E333-8FDC-42A3-9474-1A3956D46DE8}") = "InfraStrutucture", "InfraStrutucture", "{397BACC4-9D19-4B07-AB73-6F04310BFEA5}"
EndProject
Project("{2150E333-8FDC-42A3-9474-1A3956D46DE8}") = "Data", "Data", "{BE201C65-BEDE-405D-AA2F-A024E1E3B0DB}"
EndProject
Project("{9A19103F-16F7-4668-BE54-9A1E7A4F7556}") = "Project01.Domain.Core", "Project01.Domain\Project01.Domain.Core.csproj", "{0B9566B7-464F-4A8D-9D74-C0DCD2284884}"
EndProject
Project("{9A19103F-16F7-4668-BE54-9A1E7A4F7556}") = "Project001.Domain", "Project001.Domain\Project001.Domain.csproj", "{D238358A-9E1C-4EC9-8AA4-FAD9314529DF}"
EndProject
Project("{9A19103F-16F7-4668-BE54-9A1E7A4F7556}") = "Project001.Infra.SqlServer", "Project001.Infra.SqlServer\Project001.Infra.SqlServer.csproj", "{00874F92-2B51-4EA2-8E2E-53C0B50819E5}"
EndProject
Project("{FAE04EC0-301F-11D3-BF4B-00C04F79EFBC}") = "Projeto01.Application", "Projeto01.Aplication\Projeto01.Application.csproj", "{6DD9CC26-8A03-489A-83E8-D7E84AB66F70}"
EndProject
Global
	GlobalSection(SolutionConfigurationPlatforms) = preSolution
		Debug|Any CPU = Debug|Any CPU
		Release|Any CPU = Release|Any CPU
	EndGlobalSection
	GlobalSection(ProjectConfigurationPlatforms) = postSolution
		{F4A9731F-50D0-49DF-B5B7-F539872C5D9F}.Debug|Any CPU.ActiveCfg = Debug|Any CPU
		{F4A9731F-50D0-49DF-B5B7-F539872C5D9F}.Debug|Any CPU.Build.0 = Debug|Any CPU
		{F4A9731F-50D0-49DF-B5B7-F539872C5D9F}.Release|Any CPU.ActiveCfg = Release|Any CPU
		{F4A9731F-50D0-49DF-B5B7-F539872C5D9F}.Release|Any CPU.Build.0 = Release|Any CPU
		{0B9566B7-464F-4A8D-9D74-C0DCD2284884}.Debug|Any CPU.ActiveCfg = Debug|Any CPU
		{0B9566B7-464F-4A8D-9D74-C0DCD2284884}.Debug|Any CPU.Build.0 = Debug|Any CPU
		{0B9566B7-464F-4A8D-9D74-C0DCD2284884}.Release|Any CPU.ActiveCfg = Release|Any CPU
		{0B9566B7-464F-4A8D-9D74-C0DCD2284884}.Release|Any CPU.Build.0 = Release|Any CPU
		{D238358A-9E1C-4EC9-8AA4-FAD9314529DF}.Debug|Any CPU.ActiveCfg = Debug|Any CPU
		{D238358A-9E1C-4EC9-8AA4-FAD9314529DF}.Debug|Any CPU.Build.0 = Debug|Any CPU
		{D238358A-9E1C-4EC9-8AA4-FAD9314529DF}.Release|Any CPU.ActiveCfg = Release|Any CPU
		{D238358A-9E1C-4EC9-8AA4-FAD9314529DF}.Release|Any CPU.Build.0 = Release|Any CPU
		{00874F92-2B51-4EA2-8E2E-53C0B50819E5}.Debug|Any CPU.ActiveCfg = Debug|Any CPU
		{00874F92-2B51-4EA2-8E2E-53C0B50819E5}.Debug|Any CPU.Build.0 = Debug|Any CPU
		{00874F92-2B51-4EA2-8E2E-53C0B50819E5}.Release|Any CPU.ActiveCfg = Release|Any CPU
		{00874F92-2B51-4EA2-8E2E-53C0B50819E5}.Release|Any CPU.Build.0 = Release|Any CPU
		{6DD9CC26-8A03-489A-83E8-D7E84AB66F70}.Debug|Any CPU.ActiveCfg = Debug|Any CPU
		{6DD9CC26-8A03-489A-83E8-D7E84AB66F70}.Debug|Any CPU.Build.0 = Debug|Any CPU
		{6DD9CC26-8A03-489A-83E8-D7E84AB66F70}.Release|Any CPU.ActiveCfg = Release|Any CPU
		{6DD9CC26-8A03-489A-83E8-D7E84AB66F70}.Release|Any CPU.Build.0 = Release|Any CPU
	EndGlobalSection
	GlobalSection(SolutionProperties) = preSolution
		HideSolutionNode = FALSE
	EndGlobalSection
	GlobalSection(NestedProjects) = preSolution
		{F4A9731F-50D0-49DF-B5B7-F539872C5D9F} = {57E55BF6-6013-4C94-8883-734920008D41}
		{7DD7D1E2-7EC0-403A-AE15-50767E77DE9F} = {B805E620-F124-4344-8343-D76278BE4AAE}
		{8E9261A3-20B5-4D6E-96FF-954D415C7932} = {B805E620-F124-4344-8343-D76278BE4AAE}
		{BE201C65-BEDE-405D-AA2F-A024E1E3B0DB} = {397BACC4-9D19-4B07-AB73-6F04310BFEA5}
		{0B9566B7-464F-4A8D-9D74-C0DCD2284884} = {7DD7D1E2-7EC0-403A-AE15-50767E77DE9F}
		{D238358A-9E1C-4EC9-8AA4-FAD9314529DF} = {8E9261A3-20B5-4D6E-96FF-954D415C7932}
		{00874F92-2B51-4EA2-8E2E-53C0B50819E5} = {BE201C65-BEDE-405D-AA2F-A024E1E3B0DB}
		{6DD9CC26-8A03-489A-83E8-D7E84AB66F70} = {A2175672-2266-4FF6-AE78-33F3B4D663BA}
	EndGlobalSection
	GlobalSection(ExtensibilityGlobals) = postSolution
		SolutionGuid = {0A8BADB9-3424-415F-9CD5-D44CDEA33381}
	EndGlobalSection
EndGlobal
